
Microsoft Visual Studio Solution File, Format Version 12.00
# Visual Studio Version 17
VisualStudioVersion = 17.11.35222.181
MinimumVisualStudioVersion = 10.0.40219.1
Project("{FAE04EC0-301F-11D3-BF4B-00C04F79EFBC}") = "Q1", "Q1.csproj", "{293D1FA3-634F-4850-A49D-2647777DB16E}"
EndProject
Global
	GlobalSection(SolutionConfigurationPlatforms) = preSolution
		Debug|Any CPU = Debug|Any CPU
		Release|Any CPU = Release|Any CPU
	EndGlobalSection
	GlobalSection(ProjectConfigurationPlatforms) = postSolution
		{293D1FA3-634F-4850-A49D-2647777DB16E}.Debug|Any CPU.ActiveCfg = Debug|Any CPU
		{293D1FA3-634F-4850-A49D-2647777DB16E}.Debug|Any CPU.Build.0 = Debug|Any CPU
		{293D1FA3-634F-4850-A49D-2647777DB16E}.Release|Any CPU.ActiveCfg = Release|Any CPU
		{293D1FA3-634F-4850-A49D-2647777DB16E}.Release|Any CPU.Build.0 = Release|Any CPU
	EndGlobalSection
	GlobalSection(SolutionProperties) = preSolution
		HideSolutionNode = FALSE
	EndGlobalSection
	GlobalSection(ExtensibilityGlobals) = postSolution
		SolutionGuid = {C1B27C0F-A0EC-4F75-B84C-B4EAA30FDA88}
	EndGlobalSection
EndGlobal
